{
  "originHash" : "4883a3db5b01f6d27746805c01877f21fafb5f3b73a9c0b5fbff6f62eaafde30",
  "pins" : [
    {
      "identity" : "swift-case-paths",
      "kind" : "remoteSourceControl",
      "location" : "https://github.com/pointfreeco/swift-case-paths",
      "state" : {
        "revision" : "9810c8d6c2914de251e072312f01d3bf80071852",
        "version" : "1.7.1"
      }
    },
    {
      "identity" : "swift-collections",
      "kind" : "remoteSourceControl",
      "location" : "https://github.com/apple/swift-collections",
      "state" : {
        "revision" : "8c0c0a8b49e080e54e5e328cc552821ff07cd341",
        "version" : "1.2.1"
      }
    },
    {
      "identity" : "swift-domain-type",
      "kind" : "remoteSourceControl",
      "location" : "https://github.com/coenttb/swift-domain-type",
      "state" : {
        "revision" : "8717b1938bcda8be8dbfff2ce2bee64613b065ee",
        "version" : "0.0.1"
      }
    },
    {
      "identity" : "swift-emailaddress-type",
      "kind" : "remoteSourceControl",
      "location" : "https://github.com/coenttb/swift-emailaddress-type",
      "state" : {
        "revision" : "7a36ce866c9d657385d6c55b3685960e5a036e5d",
        "version" : "0.0.1"
      }
    },
    {
      "identity" : "swift-parsing",
      "kind" : "remoteSourceControl",
      "location" : "https://github.com/pointfreeco/swift-parsing.git",
      "state" : {
        "revision" : "3432cb81164dd3d69a75d0d63205be5fbae2c34b",
        "version" : "0.14.1"
      }
    },
    {
      "identity" : "swift-rfc-1035",
      "kind" : "remoteSourceControl",
      "location" : "https://github.com/swift-web-standards/swift-rfc-1035",
      "state" : {
        "revision" : "95e9ca2e3f3ec303978e8cd18013e02b7d0f8a62",
        "version" : "0.0.1"
      }
    },
    {
      "identity" : "swift-rfc-1123",
      "kind" : "remoteSourceControl",
      "location" : "https://github.com/swift-web-standards/swift-rfc-1123",
      "state" : {
        "revision" : "97b8decb5fdfc02177faa5965a95606e36373388",
        "version" : "0.0.1"
      }
    },
    {
      "identity" : "swift-rfc-5321",
      "kind" : "remoteSourceControl",
      "location" : "https://github.com/swift-web-standards/swift-rfc-5321",
      "state" : {
        "revision" : "449d9291d1d2f6dcd6793c7d4ea855db1e7b062d",
        "version" : "0.0.1"
      }
    },
    {
      "identity" : "swift-rfc-5322",
      "kind" : "remoteSourceControl",
      "location" : "https://github.com/swift-web-standards/swift-rfc-5322",
      "state" : {
        "revision" : "0d648876050103ce8e005f545f02c1f29724e9e5",
        "version" : "0.0.1"
      }
    },
    {
      "identity" : "swift-rfc-6531",
      "kind" : "remoteSourceControl",
      "location" : "https://github.com/swift-web-standards/swift-rfc-6531",
      "state" : {
        "revision" : "af0fb8259f03e5c34955ecf62c0c95cb61019907",
        "version" : "0.0.1"
      }
    },
    {
      "identity" : "swift-syntax",
      "kind" : "remoteSourceControl",
      "location" : "https://github.com/swiftlang/swift-syntax",
      "state" : {
        "revision" : "f99ae8aa18f0cf0d53481901f88a0991dc3bd4a2",
        "version" : "601.0.1"
      }
    },
    {
      "identity" : "swift-url-routing",
      "kind" : "remoteSourceControl",
      "location" : "https://github.com/pointfreeco/swift-url-routing",
      "state" : {
        "revision" : "1cfd564259ecb1d324bb718a8f03e513dab738d2",
        "version" : "0.6.2"
      }
    },
    {
      "identity" : "xctest-dynamic-overlay",
      "kind" : "remoteSourceControl",
      "location" : "https://github.com/pointfreeco/xctest-dynamic-overlay",
      "state" : {
        "revision" : "23e3442166b5122f73f9e3e622cd1e4bafeab3b7",
        "version" : "1.6.0"
      }
    }
  ],
  "version" : 3
}
